
Microsoft Visual Studio Solution File, Format Version 12.00
# Visual Studio 15
VisualStudioVersion = 15.0.28010.2041
MinimumVisualStudioVersion = 10.0.40219.1
Project("{FAE04EC0-301F-11D3-BF4B-00C04F79EFBC}") = "AsyncAwait", "AsyncAwait\AsyncAwait.csproj", "{F7BDC882-6DED-4203-91C7-CB82F851E52C}"
EndProject
Project("{2150E333-8FDC-42A3-9474-1A3956D46DE8}") = "Data", "Data", "{3487AB74-7CCB-4E00-941E-30BB556797FF}"
	ProjectSection(SolutionItems) = preProject
		AsyncAwait\Data\Airports.txt = AsyncAwait\Data\Airports.txt
	EndProjectSection
EndProject
Global
	GlobalSection(SolutionConfigurationPlatforms) = preSolution
		Debug|Any CPU = Debug|Any CPU
		Release|Any CPU = Release|Any CPU
	EndGlobalSection
	GlobalSection(ProjectConfigurationPlatforms) = postSolution
		{F7BDC882-6DED-4203-91C7-CB82F851E52C}.Debug|Any CPU.ActiveCfg = Debug|Any CPU
		{F7BDC882-6DED-4203-91C7-CB82F851E52C}.Debug|Any CPU.Build.0 = Debug|Any CPU
		{F7BDC882-6DED-4203-91C7-CB82F851E52C}.Release|Any CPU.ActiveCfg = Release|Any CPU
		{F7BDC882-6DED-4203-91C7-CB82F851E52C}.Release|Any CPU.Build.0 = Release|Any CPU
	EndGlobalSection
	GlobalSection(SolutionProperties) = preSolution
		HideSolutionNode = FALSE
	EndGlobalSection
	GlobalSection(ExtensibilityGlobals) = postSolution
		SolutionGuid = {68A28837-9CB9-4737-B835-B39E1C6734C6}
	EndGlobalSection
EndGlobal
